
Microsoft Visual Studio Solution File, Format Version 12.00
# Visual Studio Version 17
VisualStudioVersion = 17.13.35806.99
MinimumVisualStudioVersion = 10.0.40219.1
Project("{FAE04EC0-301F-11D3-BF4B-00C04F79EFBC}") = "HotelManagement", "HotelManagement\HotelManagement.csproj", "{630C234E-BEBC-D068-CAAF-13C6F768816A}"
EndProject
Project("{FAE04EC0-301F-11D3-BF4B-00C04F79EFBC}") = "Benchmark", "Benchmark\Benchmark.csproj", "{A716ECF9-AD23-4D8C-8A80-F46E55B59045}"
EndProject
Global
	GlobalSection(SolutionConfigurationPlatforms) = preSolution
		Debug|Any CPU = Debug|Any CPU
		Release|Any CPU = Release|Any CPU
	EndGlobalSection
	GlobalSection(ProjectConfigurationPlatforms) = postSolution
		{630C234E-BEBC-D068-CAAF-13C6F768816A}.Debug|Any CPU.ActiveCfg = Debug|Any CPU
		{630C234E-BEBC-D068-CAAF-13C6F768816A}.Debug|Any CPU.Build.0 = Debug|Any CPU
		{630C234E-BEBC-D068-CAAF-13C6F768816A}.Release|Any CPU.ActiveCfg = Release|Any CPU
		{630C234E-BEBC-D068-CAAF-13C6F768816A}.Release|Any CPU.Build.0 = Release|Any CPU
		{A716ECF9-AD23-4D8C-8A80-F46E55B59045}.Debug|Any CPU.ActiveCfg = Debug|Any CPU
		{A716ECF9-AD23-4D8C-8A80-F46E55B59045}.Debug|Any CPU.Build.0 = Debug|Any CPU
		{A716ECF9-AD23-4D8C-8A80-F46E55B59045}.Release|Any CPU.ActiveCfg = Release|Any CPU
		{A716ECF9-AD23-4D8C-8A80-F46E55B59045}.Release|Any CPU.Build.0 = Release|Any CPU
	EndGlobalSection
	GlobalSection(SolutionProperties) = preSolution
		HideSolutionNode = FALSE
	EndGlobalSection
	GlobalSection(ExtensibilityGlobals) = postSolution
		SolutionGuid = {44694C6E-E790-4765-9D4E-24973FD2DC6D}
	EndGlobalSection
EndGlobal
